PODS:
  - audioplayers_darwin (0.0.1):
    - Flutter
    - FlutterMacOS
  - awesome_notifications (0.10.0):
    - Flutter
    - IosAwnCore (~> 0.10.0)
  - device_calendar (0.0.1):
    - Flutter
  - DKImagePickerController/Core (4.3.9):
    - DKImagePickerController/ImageDataManager
    - DKImagePickerController/Resource
  - DKImagePickerController/ImageDataManager (4.3.9)
  - DKImagePickerController/PhotoGallery (4.3.9):
    - DKImagePickerController/Core
    - DKPhotoGallery
  - DKImagePickerController/Resource (4.3.9)
  - DKPhotoGallery (0.0.19):
    - DKPhotoGallery/Core (= 0.0.19)
    - DKPhotoGallery/Model (= 0.0.19)
    - DKPhotoGallery/Preview (= 0.0.19)
    - DKPhotoGallery/Resource (= 0.0.19)
    - SDWebImage
    - SwiftyGif
  - DKPhotoGallery/Core (0.0.19):
    - DKPhotoGallery/Model
    - DKPhotoGallery/Preview
    - SDWebImage
    - SwiftyGif
  - DKPhotoGallery/Model (0.0.19):
    - SDWebImage
    - SwiftyGif
  - DKPhotoGallery/Preview (0.0.19):
    - DKPhotoGallery/Model
    - DKPhotoGallery/Resource
    - SDWebImage
    - SwiftyGif
  - DKPhotoGallery/Resource (0.0.19):
    - SDWebImage
    - SwiftyGif
  - file_picker (0.0.1):
    - DKImagePickerController/PhotoGallery
    - Flutter
  - Flutter (1.0.0)
  - flutter_foreground_task (0.0.1):
    - Flutter
  - flutter_image_compress_common (1.0.0):
    - Flutter
    - Mantle
    - SDWebImage
    - SDWebImageWebPCoder
  - flutter_js (0.1.0):
    - Flutter
  - flutter_keyboard_visibility_temp_fork (0.0.1):
    - Flutter
  - flutter_shortcut_plus (0.0.1):
    - Flutter
  - flutter_tts (0.0.1):
    - Flutter
  - home_widget (0.0.1):
    - Flutter
  - image_picker_ios (0.0.1):
    - Flutter
  - IosAwnCore (0.10.0)
  - libwebp (1.5.0):
    - libwebp/demux (= 1.5.0)
    - libwebp/mux (= 1.5.0)
    - libwebp/sharpyuv (= 1.5.0)
    - libwebp/webp (= 1.5.0)
  - libwebp/demux (1.5.0):
    - libwebp/webp
  - libwebp/mux (1.5.0):
    - libwebp/demux
  - libwebp/sharpyuv (1.5.0)
  - libwebp/webp (1.5.0):
    - libwebp/sharpyuv
  - location (0.0.1):
    - Flutter
  - Mantle (2.2.0):
    - Mantle/extobjc (= 2.2.0)
  - Mantle/extobjc (2.2.0)
  - memento_widgets (0.0.1):
    - Flutter
  - package_info_plus (0.4.5):
    - Flutter
  - path_provider_foundation (0.0.1):
    - Flutter
    - FlutterMacOS
  - permission_handler_apple (9.3.0):
    - Flutter
  - quill_native_bridge_ios (0.0.1):
    - Flutter
  - record_ios (1.1.0):
    - Flutter
  - restart_app (0.0.1):
    - Flutter
  - SDWebImage (5.21.4):
    - SDWebImage/Core (= 5.21.4)
  - SDWebImage/Core (5.21.4)
  - SDWebImageWebPCoder (0.15.0):
    - libwebp (~> 1.0)
    - SDWebImage/Core (~> 5.17)
  - share_plus (0.0.1):
    - Flutter
  - shared_preferences_foundation (0.0.1):
    - Flutter
    - FlutterMacOS
  - SwiftyGif (5.4.5)
  - url_launcher_ios (0.0.1):
    - Flutter
  - video_player_avfoundation (0.0.1):
    - Flutter
    - FlutterMacOS

DEPENDENCIES:
  - audioplayers_darwin (from `.symlinks/plugins/audioplayers_darwin/darwin`)
  - awesome_notifications (from `.symlinks/plugins/awesome_notifications/ios`)
  - device_calendar (from `.symlinks/plugins/device_calendar/ios`)
  - file_picker (from `.symlinks/plugins/file_picker/ios`)
  - Flutter (from `Flutter`)
  - flutter_foreground_task (from `.symlinks/plugins/flutter_foreground_task/ios`)
  - flutter_image_compress_common (from `.symlinks/plugins/flutter_image_compress_common/ios`)
  - flutter_js (from `.symlinks/plugins/flutter_js/ios`)
  - flutter_keyboard_visibility_temp_fork (from `.symlinks/plugins/flutter_keyboard_visibility_temp_fork/ios`)
  - flutter_shortcut_plus (from `.symlinks/plugins/flutter_shortcut_plus/ios`)
  - flutter_tts (from `.symlinks/plugins/flutter_tts/ios`)
  - home_widget (from `.symlinks/plugins/home_widget/ios`)
  - image_picker_ios (from `.symlinks/plugins/image_picker_ios/ios`)
  - location (from `.symlinks/plugins/location/ios`)
  - memento_widgets (from `.symlinks/plugins/memento_widgets/ios`)
  - package_info_plus (from `.symlinks/plugins/package_info_plus/ios`)
  - path_provider_foundation (from `.symlinks/plugins/path_provider_foundation/darwin`)
  - permission_handler_apple (from `.symlinks/plugins/permission_handler_apple/ios`)
  - quill_native_bridge_ios (from `.symlinks/plugins/quill_native_bridge_ios/ios`)
  - record_ios (from `.symlinks/plugins/record_ios/ios`)
  - restart_app (from `.symlinks/plugins/restart_app/ios`)
  - share_plus (from `.symlinks/plugins/share_plus/ios`)
  - shared_preferences_foundation (from `.symlinks/plugins/shared_preferences_foundation/darwin`)
  - url_launcher_ios (from `.symlinks/plugins/url_launcher_ios/ios`)
  - video_player_avfoundation (from `.symlinks/plugins/video_player_avfoundation/darwin`)

SPEC REPOS:
  trunk:
    - DKImagePickerController
    - DKPhotoGallery
    - IosAwnCore
    - libwebp
    - Mantle
    - SDWebImage
    - SDWebImageWebPCoder
    - SwiftyGif

EXTERNAL SOURCES:
  audioplayers_darwin:
    :path: ".symlinks/plugins/audioplayers_darwin/darwin"
  awesome_notifications:
    :path: ".symlinks/plugins/awesome_notifications/ios"
  device_calendar:
    :path: ".symlinks/plugins/device_calendar/ios"
  file_picker:
    :path: ".symlinks/plugins/file_picker/ios"
  Flutter:
    :path: Flutter
  flutter_foreground_task:
    :path: ".symlinks/plugins/flutter_foreground_task/ios"
  flutter_image_compress_common:
    :path: ".symlinks/plugins/flutter_image_compress_common/ios"
  flutter_js:
    :path: ".symlinks/plugins/flutter_js/ios"
  flutter_keyboard_visibility_temp_fork:
    :path: ".symlinks/plugins/flutter_keyboard_visibility_temp_fork/ios"
  flutter_shortcut_plus:
    :path: ".symlinks/plugins/flutter_shortcut_plus/ios"
  flutter_tts:
    :path: ".symlinks/plugins/flutter_tts/ios"
  home_widget:
    :path: ".symlinks/plugins/home_widget/ios"
  image_picker_ios:
    :path: ".symlinks/plugins/image_picker_ios/ios"
  location:
    :path: ".symlinks/plugins/location/ios"
  memento_widgets:
    :path: ".symlinks/plugins/memento_widgets/ios"
  package_info_plus:
    :path: ".symlinks/plugins/package_info_plus/ios"
  path_provider_foundation:
    :path: ".symlinks/plugins/path_provider_foundation/darwin"
  permission_handler_apple:
    :path: ".symlinks/plugins/permission_handler_apple/ios"
  quill_native_bridge_ios:
    :path: ".symlinks/plugins/quill_native_bridge_ios/ios"
  record_ios:
    :path: ".symlinks/plugins/record_ios/ios"
  restart_app:
    :path: ".symlinks/plugins/restart_app/ios"
  share_plus:
    :path: ".symlinks/plugins/share_plus/ios"
  shared_preferences_foundation:
    :path: ".symlinks/plugins/shared_preferences_foundation/darwin"
  url_launcher_ios:
    :path: ".symlinks/plugins/url_launcher_ios/ios"
  video_player_avfoundation:
    :path: ".symlinks/plugins/video_player_avfoundation/darwin"

SPEC CHECKSUMS:
  audioplayers_darwin: 4f9ca89d92d3d21cec7ec580e78ca888e5fb68bd
  awesome_notifications: 0f432b28098d193920b11a44cfa9d2d9313a3888
  device_calendar: b55b2c5406cfba45c95a59f9059156daee1f74ed
  DKImagePickerController: 946cec48c7873164274ecc4624d19e3da4c1ef3c
  DKPhotoGallery: b3834fecb755ee09a593d7c9e389d8b5d6deed60
  file_picker: a0560bc09d61de87f12d246fc47d2119e6ef37be
  Flutter: cabc95a1d2626b1b06e7179b784ebcf0c0cde467
  flutter_foreground_task: a159d2c2173b33699ddb3e6c2a067045d7cebb89
  flutter_image_compress_common: 1697a328fd72bfb335507c6bca1a65fa5ad87df1
  flutter_js: 867813c1830e1d9b2c5d547cdb6f61801e2f2145
  flutter_keyboard_visibility_temp_fork: 95b2d534bacf6ac62e7fcbe5c2a9e2c2a17ce06f
  flutter_shortcut_plus: bc0063635f593c118a30a27af5def84e4020c932
  flutter_tts: b88dbc8655d3dc961bc4a796e4e16a4cc1795833
  home_widget: f169fc41fd807b4d46ab6615dc44d62adbf9f64f
  image_picker_ios: e0ece4aa2a75771a7de3fa735d26d90817041326
  IosAwnCore: 653786a911089012092ce831f2945cd339855a89
  libwebp: 02b23773aedb6ff1fd38cec7a77b81414c6842a8
  location: 155caecf9da4f280ab5fe4a55f94ceccfab838f8
  Mantle: c5aa8794a29a022dfbbfc9799af95f477a69b62d
  memento_widgets: 6e7654aca3fb3267bd1918c568395749fd0e10ce
  package_info_plus: af8e2ca6888548050f16fa2f1938db7b5a5df499
  path_provider_foundation: bb55f6dbba17d0dccd6737fe6f7f34fbd0376880
  permission_handler_apple: 4ed2196e43d0651e8ff7ca3483a069d469701f2d
  quill_native_bridge_ios: f47af4b14e7757968486641656c5d23250cee521
  record_ios: f75fa1d57f840012775c0e93a38a7f3ceea1a374
  restart_app: 9cda5378aacc5000e3f66ee76a9201534e7d3ecf
  SDWebImage: d0184764be51240d49c761c37f53dd017e1ccaaf
  SDWebImageWebPCoder: 0e06e365080397465cc73a7a9b472d8a3bd0f377
  share_plus: 50da8cb520a8f0f65671c6c6a99b3617ed10a58a
  shared_preferences_foundation: 7036424c3d8ec98dfe75ff1667cb0cd531ec82bb
  SwiftyGif: 706c60cf65fa2bc5ee0313beece843c8eb8194d4
  url_launcher_ios: 7a95fa5b60cc718a708b8f2966718e93db0cef1b
  video_player_avfoundation: dd410b52df6d2466a42d28550e33e4146928280a

PODFILE CHECKSUM: e71a9fdf367742e2874cad24bef2b13d500233a8

COCOAPODS: 1.16.2
